
Microsoft Visual Studio Solution File, Format Version 12.00
# Visual Studio Version 17
VisualStudioVersion = 17.3.32825.248
MinimumVisualStudioVersion = 10.0.40219.1
Project("{9A19103F-16F7-4668-BE54-9A1E7A4F7556}") = "Master", "Master\Master.csproj", "{F270EF84-828E-4D59-9CC4-20A8FCBCD702}"
EndProject
Project("{9A19103F-16F7-4668-BE54-9A1E7A4F7556}") = "Common", "Common\Common.csproj", "{DEFB4D43-2F64-475B-89FD-27F7D9751D00}"
EndProject
Project("{9A19103F-16F7-4668-BE54-9A1E7A4F7556}") = "Secondary", "Secondary\Secondary.csproj", "{AA4CE0DF-2BA3-4C9A-B287-9CDDDC9DEA9B}"
EndProject
Project("{E53339B2-1760-4266-BCC7-CA923CBCF16C}") = "docker-compose", "docker-compose.dcproj", "{38433CC6-4B9E-4BE9-93E1-FD86B88861CD}"
EndProject
Global
	GlobalSection(SolutionConfigurationPlatforms) = preSolution
		Debug|Any CPU = Debug|Any CPU
		Release|Any CPU = Release|Any CPU
	EndGlobalSection
	GlobalSection(ProjectConfigurationPlatforms) = postSolution
		{F270EF84-828E-4D59-9CC4-20A8FCBCD702}.Debug|Any CPU.ActiveCfg = Debug|Any CPU
		{F270EF84-828E-4D59-9CC4-20A8FCBCD702}.Debug|Any CPU.Build.0 = Debug|Any CPU
		{F270EF84-828E-4D59-9CC4-20A8FCBCD702}.Release|Any CPU.ActiveCfg = Release|Any CPU
		{F270EF84-828E-4D59-9CC4-20A8FCBCD702}.Release|Any CPU.Build.0 = Release|Any CPU
		{DEFB4D43-2F64-475B-89FD-27F7D9751D00}.Debug|Any CPU.ActiveCfg = Debug|Any CPU
		{DEFB4D43-2F64-475B-89FD-27F7D9751D00}.Debug|Any CPU.Build.0 = Debug|Any CPU
		{DEFB4D43-2F64-475B-89FD-27F7D9751D00}.Release|Any CPU.ActiveCfg = Release|Any CPU
		{DEFB4D43-2F64-475B-89FD-27F7D9751D00}.Release|Any CPU.Build.0 = Release|Any CPU
		{AA4CE0DF-2BA3-4C9A-B287-9CDDDC9DEA9B}.Debug|Any CPU.ActiveCfg = Debug|Any CPU
		{AA4CE0DF-2BA3-4C9A-B287-9CDDDC9DEA9B}.Debug|Any CPU.Build.0 = Debug|Any CPU
		{AA4CE0DF-2BA3-4C9A-B287-9CDDDC9DEA9B}.Release|Any CPU.ActiveCfg = Release|Any CPU
		{AA4CE0DF-2BA3-4C9A-B287-9CDDDC9DEA9B}.Release|Any CPU.Build.0 = Release|Any CPU
		{38433CC6-4B9E-4BE9-93E1-FD86B88861CD}.Debug|Any CPU.ActiveCfg = Debug|Any CPU
		{38433CC6-4B9E-4BE9-93E1-FD86B88861CD}.Debug|Any CPU.Build.0 = Debug|Any CPU
		{38433CC6-4B9E-4BE9-93E1-FD86B88861CD}.Release|Any CPU.ActiveCfg = Release|Any CPU
		{38433CC6-4B9E-4BE9-93E1-FD86B88861CD}.Release|Any CPU.Build.0 = Release|Any CPU
	EndGlobalSection
	GlobalSection(SolutionProperties) = preSolution
		HideSolutionNode = FALSE
	EndGlobalSection
	GlobalSection(ExtensibilityGlobals) = postSolution
		SolutionGuid = {26A001AC-E7DA-49E7-B4DD-5A3C9B362488}
	EndGlobalSection
EndGlobal
